
Microsoft Visual Studio Solution File, Format Version 12.00
# Visual Studio Version 17
VisualStudioVersion = 17.14.37710.0 d17.14
MinimumVisualStudioVersion = 10.0.40219.1
Project("{FAE04EC0-301F-11D3-BF4B-00C04F79EFBC}") = "wt-lab1-1git-krivetskij", "wt-lab1-1git-krivetskij\wt-lab1-1git-krivetskij.csproj", "{BC34E8DE-5DD8-4049-9ACF-2F0657885E5D}"
EndProject
Global
	GlobalSection(SolutionConfigurationPlatforms) = preSolution
		Debug|Any CPU = Debug|Any CPU
		Release|Any CPU = Release|Any CPU
	EndGlobalSection
	GlobalSection(ProjectConfigurationPlatforms) = postSolution
		{BC34E8DE-5DD8-4049-9ACF-2F0657885E5D}.Debug|Any CPU.ActiveCfg = Debug|Any CPU
		{BC34E8DE-5DD8-4049-9ACF-2F0657885E5D}.Debug|Any CPU.Build.0 = Debug|Any CPU
		{BC34E8DE-5DD8-4049-9ACF-2F0657885E5D}.Release|Any CPU.ActiveCfg = Release|Any CPU
		{BC34E8DE-5DD8-4049-9ACF-2F0657885E5D}.Release|Any CPU.Build.0 = Release|Any CPU
	EndGlobalSection
	GlobalSection(SolutionProperties) = preSolution
		HideSolutionNode = FALSE
	EndGlobalSection
	GlobalSection(ExtensibilityGlobals) = postSolution
		SolutionGuid = {5E206DA6-6F4F-462D-ACF5-FD3647BAD8C0}
	EndGlobalSection
EndGlobal
